{
  "version": "4",
  "specifiers": {
    "jsr:@inro/slash-command-parser@*": "0.0.2",
    "jsr:@inro/slash-command-parser@^0.0.2": "0.0.2",
    "jsr:@std/assert@*": "1.0.8",
    "jsr:@std/async@*": "1.0.9",
    "jsr:@std/internal@^1.0.5": "1.0.5",
    "npm:@noble/hashes@^1.6.1": "1.6.1",
    "npm:@nostr-dev-kit/ndk@^2.10.7": "2.10.7",
    "npm:@types/node@*": "22.5.4",
    "npm:ajv@^8.17.1": "8.17.1",
    "npm:bech32@2": "2.0.0",
    "npm:bip39@^3.1.0": "3.1.0",
    "npm:commander@^12.1.0": "12.1.0",
    "npm:dotenv@^16.4.5": "16.4.5",
    "npm:handlebars@*": "4.7.8",
    "npm:handlebars@^4.7.8": "4.7.8",
    "npm:libsql@~0.5.0-pre.2": "0.5.0-pre.2",
    "npm:lorem-ipsum@^2.0.8": "2.0.8",
    "npm:multiformats@*": "13.3.1",
    "npm:nostr-tools@^2.10.4": "2.10.4",
    "npm:postgres@^3.4.5": "3.4.5"
  },
  "jsr": {
    "@inro/slash-command-parser@0.0.2": {
      "integrity": "978a8d869b75f7fd16f32bca377ba82399a0d6a77e56adbfba6e2b1abe7b2996"
    },
    "@std/assert@1.0.8": {
      "integrity": "ebe0bd7eb488ee39686f77003992f389a06c3da1bbd8022184804852b2fa641b",
      "dependencies": [
        "jsr:@std/internal"
      ]
    },
    "@std/async@1.0.9": {
      "integrity": "c6472fd0623b3f3daae023cdf7ca5535e1b721dfbf376562c0c12b3fb4867f91"
    },
    "@std/internal@1.0.5": {
      "integrity": "54a546004f769c1ac9e025abd15a76b6671ddc9687e2313b67376125650dc7ba"
    }
  },
  "npm": {
    "@libsql/darwin-arm64@0.5.0-pre.2": {
      "integrity": "sha512-jLKZSKM+6f/3qH12MyUGaa/zq84myQWLqsRzGkEccpKX5+xY/mYP9t9LYwDF/V8ciPQ1SvfNikkdLNkqViYYAw=="
    },
    "@libsql/darwin-x64@0.5.0-pre.2": {
      "integrity": "sha512-//Iq6QSWNPN5jjTq4WvCZADW2J8p3UqSwo09qwNZGw81LheAbZYO9AVV7plxAk7wSDX4W1Ee5SgNbCYxY3HiiQ=="
    },
    "@libsql/linux-arm64-gnu@0.5.0-pre.2": {
      "integrity": "sha512-IGA/VvRfTs1K4fxu29jHb1432qju/WFUHyEkQP8jHKsrYkorLfI/L0rlFhnLrZ61OF790c9gNM0cTtqoYnt7KQ=="
    },
    "@libsql/linux-arm64-musl@0.5.0-pre.2": {
      "integrity": "sha512-ythJjzqpI+TEUDc8L0frn9kKrjo+wfaqTJTXw///Cyu7kwEI0wI0GlVR0Y03pLYs1RIuirVA1FVmV3nt7fkzuA=="
    },
    "@libsql/linux-x64-gnu@0.5.0-pre.2": {
      "integrity": "sha512-KKIM7vI15/1P0U31/eL5kgkPktarXyoKRM9meP/vNDNixlU5GL+D8GLT5FCTMNhtM+BnDiUN7umakhl5XfOqzg=="
    },
    "@libsql/linux-x64-musl@0.5.0-pre.2": {
      "integrity": "sha512-nO9zjq6q5NKU5Hx8Mm9+Y8edxDbO7XKxPq9C7GHytu7FPxVTYrMIVioN2xWcnPhaawWS/TlZZTaJuwLbY177NQ=="
    },
    "@libsql/win32-x64-msvc@0.5.0-pre.2": {
      "integrity": "sha512-jaqSOTyi8r3ZgVuOzdMS1birMlj41/yFH+iW73HvWRjTAjJ5DNGpfL9r5KgnEEGxpRL8SkEUnfGJUgP9v8HQHw=="
    },
    "@neon-rs/load@0.0.4": {
      "integrity": "sha512-kTPhdZyTQxB+2wpiRcFWrDcejc4JI6tkPuS7UZCG4l6Zvc5kU/gGQ/ozvHTh1XR5tS+UlfAfGuPajjzQjCiHCw=="
    },
    "@noble/ciphers@0.5.3": {
      "integrity": "sha512-B0+6IIHiqEs3BPMT0hcRmHvEj2QHOLu+uwt+tqDDeVd0oyVzh7BPrDcPjRnV1PV/5LaknXJJQvOuRGR0zQJz+w=="
    },
    "@noble/curves@1.1.0": {
      "integrity": "sha512-091oBExgENk/kGj3AZmtBDMpxQPDtxQABR2B9lb1JbVTs6ytdzZNwvhxQ4MWasRNEzlbEH8jCWFCwhF/Obj5AA==",
      "dependencies": [
        "@noble/hashes@1.3.1"
      ]
    },
    "@noble/curves@1.2.0": {
      "integrity": "sha512-oYclrNgRaM9SsBUBVbb8M6DTV7ZHRTKugureoYEncY5c65HOmRzvSiTE3y5CYaPYJA/GVkrhXEoF0M3Ya9PMnw==",
      "dependencies": [
        "@noble/hashes@1.3.2"
      ]
    },
    "@noble/curves@1.7.0": {
      "integrity": "sha512-UTMhXK9SeDhFJVrHeUJ5uZlI6ajXg10O6Ddocf9S6GjbSBVZsJo88HzKwXznNfGpMTRDyJkqMjNDPYgf0qFWnw==",
      "dependencies": [
        "@noble/hashes@1.6.0"
      ]
    },
    "@noble/hashes@1.3.1": {
      "integrity": "sha512-EbqwksQwz9xDRGfDST86whPBgM65E0OH/pCgqW0GBVzO22bNE+NuIbeTb714+IfSjU3aRk47EUvXIb5bTsenKA=="
    },
    "@noble/hashes@1.3.2": {
      "integrity": "sha512-MVC8EAQp7MvEcm30KWENFjgR+Mkmf+D189XJTkFIlwohU5hcBbn1ZkKq7KVTi2Hme3PMGF390DaL52beVrIihQ=="
    },
    "@noble/hashes@1.6.0": {
      "integrity": "sha512-YUULf0Uk4/mAA89w+k3+yUYh6NrEvxZa5T6SY3wlMvE2chHkxFUUIDI8/XW1QSC357iA5pSnqt7XEhvFOqmDyQ=="
    },
    "@noble/hashes@1.6.1": {
      "integrity": "sha512-pq5D8h10hHBjyqX+cfBm0i8JUXJ0UhczFc4r74zbuT9XgewFo2E3J1cOaGtdZynILNmQ685YWGzGE1Zv6io50w=="
    },
    "@noble/secp256k1@2.1.0": {
      "integrity": "sha512-XLEQQNdablO0XZOIniFQimiXsZDNwaYgL96dZwC54Q30imSbAOFf3NKtepc+cXyuZf5Q1HCgbqgZ2UFFuHVcEw=="
    },
    "@nostr-dev-kit/ndk@2.10.7": {
      "integrity": "sha512-cylva8jsaAGMijxAI32CnJWlzvwD4sWyl86/+RMS6xpZn4MIgeVUfBFc/pYkcfZzDP3v1Z9mIPsuiICRyvu9yQ==",
      "dependencies": [
        "@noble/curves@1.7.0",
        "@noble/hashes@1.6.1",
        "@noble/secp256k1",
        "@scure/base@1.2.1",
        "debug@4.3.7",
        "light-bolt11-decoder",
        "nostr-tools",
        "tseep",
        "typescript-lru-cache",
        "utf8-buffer",
        "websocket-polyfill"
      ]
    },
    "@scure/base@1.1.1": {
      "integrity": "sha512-ZxOhsSyxYwLJj3pLZCefNitxsj093tb2vq90mp2txoYeBqbcjDjqFhyM8eUjq/uFm6zJ+mUuqxlS2FkuSY1MTA=="
    },
    "@scure/base@1.2.1": {
      "integrity": "sha512-DGmGtC8Tt63J5GfHgfl5CuAXh96VF/LD8K9Hr/Gv0J2lAoRGlPOMpqMpMbCTOoOJMZCk2Xt+DskdDyn6dEFdzQ=="
    },
    "@scure/bip32@1.3.1": {
      "integrity": "sha512-osvveYtyzdEVbt3OfwwXFr4P2iVBL5u1Q3q4ONBfDY/UpOuXmOlbgwc1xECEboY8wIays8Yt6onaWMUdUbfl0A==",
      "dependencies": [
        "@noble/curves@1.1.0",
        "@noble/hashes@1.3.2",
        "@scure/base@1.1.1"
      ]
    },
    "@scure/bip39@1.2.1": {
      "integrity": "sha512-Z3/Fsz1yr904dduJD0NpiyRHhRYHdcnyh73FZWiV+/qhWi83wNJ3NWolYqCEN+ZWsUz2TWwajJggcRE9r1zUYg==",
      "dependencies": [
        "@noble/hashes@1.3.2",
        "@scure/base@1.1.1"
      ]
    },
    "@types/node@22.5.4": {
      "integrity": "sha512-FDuKUJQm/ju9fT/SeX/6+gBzoPzlVCzfzmGkwKvRHQVxi4BntVbyIwf6a4Xn62mrvndLiml6z/UBXIdEVjQLXg==",
      "dependencies": [
        "undici-types"
      ]
    },
    "ajv@8.17.1": {
      "integrity": "sha512-B/gBuNg5SiMTrPkC+A2+cW0RszwxYmn6VYxB/inlBStS5nx6xHIt/ehKRhIMhqusl7a8LjQoZnjCs5vhwxOQ1g==",
      "dependencies": [
        "fast-deep-equal",
        "fast-uri",
        "json-schema-traverse",
        "require-from-string"
      ]
    },
    "bech32@2.0.0": {
      "integrity": "sha512-LcknSilhIGatDAsY1ak2I8VtGaHNhgMSYVxFrGLXv+xLHytaKZKcaUJJUE7qmBr7h33o5YQwP55pMI0xmkpJwg=="
    },
    "bip39@3.1.0": {
      "integrity": "sha512-c9kiwdk45Do5GL0vJMe7tS95VjCii65mYAH7DfWl3uW8AVzXKQVUm64i3hzVybBDMp9r7j9iNxR85+ul8MdN/A==",
      "dependencies": [
        "@noble/hashes@1.6.1"
      ]
    },
    "bufferutil@4.0.8": {
      "integrity": "sha512-4T53u4PdgsXqKaIctwF8ifXlRTTmEPJ8iEPWFdGZvcf7sbwYo6FKFEX9eNNAnzFZ7EzJAQ3CJeOtCRA4rDp7Pw==",
      "dependencies": [
        "node-gyp-build"
      ]
    },
    "commander@12.1.0": {
      "integrity": "sha512-Vw8qHK3bZM9y/P10u3Vib8o/DdkvA2OtPtZvD871QKjy74Wj1WSKFILMPRPSdUSx5RFK1arlJzEtA4PkFgnbuA=="
    },
    "commander@9.5.0": {
      "integrity": "sha512-KRs7WVDKg86PWiuAqhDrAQnTXZKraVcCc6vFdL14qrZ/DcWwuRo7VoiYXalXO7S5GKpqYiVEwCbgFDfxNHKJBQ=="
    },
    "d@1.0.2": {
      "integrity": "sha512-MOqHvMWF9/9MX6nza0KgvFH4HpMU0EF5uUDXqX/BtxtU8NfB0QzRtJ8Oe/6SuS4kbhyzVJwjd97EA4PKrzJ8bw==",
      "dependencies": [
        "es5-ext",
        "type"
      ]
    },
    "debug@2.6.9": {
      "integrity": "sha512-bC7ElrdJaJnPbAP+1EotYvqZsb3ecl5wi6Bfi6BJTUcNowp6cvspg0jXznRTKDjm/E7AdgFBVeAPVMNcKGsHMA==",
      "dependencies": [
        "ms@2.0.0"
      ]
    },
    "debug@4.3.7": {
      "integrity": "sha512-Er2nc/H7RrMXZBFCEim6TCmMk02Z8vLC2Rbi1KEBggpo0fS6l0S1nnapwmIi3yW/+GOJap1Krg4w0Hg80oCqgQ==",
      "dependencies": [
        "ms@2.1.3"
      ]
    },
    "detect-libc@2.0.2": {
      "integrity": "sha512-UX6sGumvvqSaXgdKGUsgZWqcUyIXZ/vZTrlRT/iobiKhGL0zL4d3osHj3uqllWJK+i+sixDS/3COVEOFbupFyw=="
    },
    "dotenv@16.4.5": {
      "integrity": "sha512-ZmdL2rui+eB2YwhsWzjInR8LldtZHGDoQ1ugH85ppHKwpUHL7j7rN0Ti9NCnGiQbhaZ11FpR+7ao1dNsmduNUg=="
    },
    "es5-ext@0.10.64": {
      "integrity": "sha512-p2snDhiLaXe6dahss1LddxqEm+SkuDvV8dnIQG0MWjyHpcMNfXKPE+/Cc0y+PhxJX3A4xGNeFCj5oc0BUh6deg==",
      "dependencies": [
        "es6-iterator",
        "es6-symbol",
        "esniff",
        "next-tick"
      ]
    },
    "es6-iterator@2.0.3": {
      "integrity": "sha512-zw4SRzoUkd+cl+ZoE15A9o1oQd920Bb0iOJMQkQhl3jNc03YqVjAhG7scf9C5KWRU/R13Orf588uCC6525o02g==",
      "dependencies": [
        "d",
        "es5-ext",
        "es6-symbol"
      ]
    },
    "es6-symbol@3.1.4": {
      "integrity": "sha512-U9bFFjX8tFiATgtkJ1zg25+KviIXpgRvRHS8sau3GfhVzThRQrOeksPeT0BWW2MNZs1OEWJ1DPXOQMn0KKRkvg==",
      "dependencies": [
        "d",
        "ext"
      ]
    },
    "esniff@2.0.1": {
      "integrity": "sha512-kTUIGKQ/mDPFoJ0oVfcmyJn4iBDRptjNVIzwIFR7tqWXdVI9xfA2RMwY/gbSpJG3lkdWNEjLap/NqVHZiJsdfg==",
      "dependencies": [
        "d",
        "es5-ext",
        "event-emitter",
        "type"
      ]
    },
    "event-emitter@0.3.5": {
      "integrity": "sha512-D9rRn9y7kLPnJ+hMq7S/nhvoKwwvVJahBi2BPmx3bvbsEdK3W9ii8cBSGjP+72/LnM4n6fo3+dkCX5FeTQruXA==",
      "dependencies": [
        "d",
        "es5-ext"
      ]
    },
    "ext@1.7.0": {
      "integrity": "sha512-6hxeJYaL110a9b5TEJSj0gojyHQAmA2ch5Os+ySCiA1QGdS697XWY1pzsrSjqA9LDEEgdB/KypIlR59RcLuHYw==",
      "dependencies": [
        "type"
      ]
    },
    "fast-deep-equal@3.1.3": {
      "integrity": "sha512-f3qQ9oQy9j2AhBe/H9VC91wLmKBCCU/gDOnKNAYG5hswO7BLKj09Hc5HYNz9cGI++xlpDCIgDaitVs03ATR84Q=="
    },
    "fast-uri@3.0.1": {
      "integrity": "sha512-MWipKbbYiYI0UC7cl8m/i/IWTqfC8YXsqjzybjddLsFjStroQzsHXkc73JutMvBiXmOvapk+axIl79ig5t55Bw=="
    },
    "handlebars@4.7.8": {
      "integrity": "sha512-vafaFqs8MZkRrSX7sFVUdo3ap/eNiLnb4IakshzvP56X5Nr1iGKAIqdX6tMlm6HcNRIkr6AxO5jFEoJzzpT8aQ==",
      "dependencies": [
        "minimist",
        "neo-async",
        "source-map",
        "uglify-js",
        "wordwrap"
      ]
    },
    "is-typedarray@1.0.0": {
      "integrity": "sha512-cyA56iCMHAh5CdzjJIa4aohJyeO1YbwLi3Jc35MmRU6poroFjIGZzUzupGiRPOjgHg9TLu43xbpwXk523fMxKA=="
    },
    "json-schema-traverse@1.0.0": {
      "integrity": "sha512-NM8/P9n3XjXhIZn1lLhkFaACTOURQXjWhV4BA/RnOv8xvgqtqpAX9IO4mRQxSx1Rlo4tqzeqb0sOlruaOy3dug=="
    },
    "libsql@0.5.0-pre.2": {
      "integrity": "sha512-6eobJ6s2jLKwkf0NrxuOr06lnEdaNOXx5lxwfPMOJm1b4mzBXPH5Mrx0TMSDYP5eAHw8LBWJGadaJtVQ72ab5g==",
      "dependencies": [
        "@libsql/darwin-arm64",
        "@libsql/darwin-x64",
        "@libsql/linux-arm64-gnu",
        "@libsql/linux-arm64-musl",
        "@libsql/linux-x64-gnu",
        "@libsql/linux-x64-musl",
        "@libsql/win32-x64-msvc",
        "@neon-rs/load",
        "detect-libc"
      ]
    },
    "light-bolt11-decoder@3.2.0": {
      "integrity": "sha512-3QEofgiBOP4Ehs9BI+RkZdXZNtSys0nsJ6fyGeSiAGCBsMwHGUDS/JQlY/sTnWs91A2Nh0S9XXfA8Sy9g6QpuQ==",
      "dependencies": [
        "@scure/base@1.1.1"
      ]
    },
    "lorem-ipsum@2.0.8": {
      "integrity": "sha512-5RIwHuCb979RASgCJH0VKERn9cQo/+NcAi2BMe9ddj+gp7hujl6BI+qdOG4nVsLDpwWEJwTVYXNKP6BGgbcoGA==",
      "dependencies": [
        "commander@9.5.0"
      ]
    },
    "minimist@1.2.8": {
      "integrity": "sha512-2yyAR8qBkN3YuheJanUpWC5U3bb5osDywNB8RzDVlDwDHbocAJveqqj1u8+SVD7jkWT4yvsHCpWqqWqAxb0zCA=="
    },
    "ms@2.0.0": {
      "integrity": "sha512-Tpp60P6IUJDTuOq/5Z8cdskzJujfwqfOTkrwIwj7IRISpnkJnT6SyJ4PCPnGMoFjC9ddhal5KVIYtAt97ix05A=="
    },
    "ms@2.1.3": {
      "integrity": "sha512-6FlzubTLZG3J2a/NVCAleEhjzq5oxgHyaCU9yYXvcLsvoVaHJq/s5xXI6/XXP6tz7R9xAOtHnSO/tXtF3WRTlA=="
    },
    "multiformats@13.3.1": {
      "integrity": "sha512-QxowxTNwJ3r5RMctoGA5p13w5RbRT2QDkoM+yFlqfLiioBp78nhDjnRLvmSBI9+KAqN4VdgOVWM9c0CHd86m3g=="
    },
    "neo-async@2.6.2": {
      "integrity": "sha512-Yd3UES5mWCSqR+qNT93S3UoYUkqAZ9lLg8a7g9rimsWmYGK8cVToA4/sF3RrshdyV3sAGMXVUmpMYOw+dLpOuw=="
    },
    "next-tick@1.1.0": {
      "integrity": "sha512-CXdUiJembsNjuToQvxayPZF9Vqht7hewsvy2sOWafLvi2awflj9mOC6bHIg50orX8IJvWKY9wYQ/zB2kogPslQ=="
    },
    "node-gyp-build@4.8.4": {
      "integrity": "sha512-LA4ZjwlnUblHVgq0oBF3Jl/6h/Nvs5fzBLwdEF4nuxnFdsfajde4WfxtJr3CaiH+F6ewcIB/q4jQ4UzPyid+CQ=="
    },
    "nostr-tools@2.10.4": {
      "integrity": "sha512-biU7sk+jxHgVASfobg2T5ttxOGGSt69wEVBC51sHHOEaKAAdzHBLV/I2l9Rf61UzClhliZwNouYhqIso4a3HYg==",
      "dependencies": [
        "@noble/ciphers",
        "@noble/curves@1.2.0",
        "@noble/hashes@1.3.1",
        "@scure/base@1.1.1",
        "@scure/bip32",
        "@scure/bip39",
        "nostr-wasm"
      ]
    },
    "nostr-wasm@0.1.0": {
      "integrity": "sha512-78BTryCLcLYv96ONU8Ws3Q1JzjlAt+43pWQhIl86xZmWeegYCNLPml7yQ+gG3vR6V5h4XGj+TxO+SS5dsThQIA=="
    },
    "postgres@3.4.5": {
      "integrity": "sha512-cDWgoah1Gez9rN3H4165peY9qfpEo+SA61oQv65O3cRUE1pOEoJWwddwcqKE8XZYjbblOJlYDlLV4h67HrEVDg=="
    },
    "require-from-string@2.0.2": {
      "integrity": "sha512-Xf0nWe6RseziFMu+Ap9biiUbmplq6S9/p+7w7YXP/JBHhrUDDUhwa+vANyubuqfZWTveU//DYVGsDG7RKL/vEw=="
    },
    "source-map@0.6.1": {
      "integrity": "sha512-UjgapumWlbMhkBgzT7Ykc5YXUT46F0iKu8SGXq0bcwP5dz/h0Plj6enJqjz1Zbq2l5WaqYnrVbwWOWMyF3F47g=="
    },
    "tseep@1.3.1": {
      "integrity": "sha512-ZPtfk1tQnZVyr7BPtbJ93qaAh2lZuIOpTMjhrYa4XctT8xe7t4SAW9LIxrySDuYMsfNNayE51E/WNGrNVgVicQ=="
    },
    "tstl@2.5.16": {
      "integrity": "sha512-+O2ybLVLKcBwKm4HymCEwZIT0PpwS3gCYnxfSDEjJEKADvIFruaQjd3m7CAKNU1c7N3X3WjVz87re7TA2A5FUw=="
    },
    "type@2.7.3": {
      "integrity": "sha512-8j+1QmAbPvLZow5Qpi6NCaN8FB60p/6x8/vfNqOk/hC+HuvFZhL4+WfekuhQLiqFZXOgQdrs3B+XxEmCc6b3FQ=="
    },
    "typedarray-to-buffer@3.1.5": {
      "integrity": "sha512-zdu8XMNEDepKKR+XYOXAVPtWui0ly0NtohUscw+UmaHiAWT8hrV1rr//H6V+0DvJ3OQ19S979M0laLfX8rm82Q==",
      "dependencies": [
        "is-typedarray"
      ]
    },
    "typescript-lru-cache@2.0.0": {
      "integrity": "sha512-Jp57Qyy8wXeMkdNuZiglE6v2Cypg13eDA1chHwDG6kq51X7gk4K7P7HaDdzZKCxkegXkVHNcPD0n5aW6OZH3aA=="
    },
    "uglify-js@3.19.3": {
      "integrity": "sha512-v3Xu+yuwBXisp6QYTcH4UbH+xYJXqnq2m/LtQVWKWzYc1iehYnLixoQDN9FH6/j9/oybfd6W9Ghwkl8+UMKTKQ=="
    },
    "undici-types@6.19.8": {
      "integrity": "sha512-ve2KP6f/JnbPBFyobGHuerC9g1FYGn/F8n1LWTwNxCEzd6IfqTwUQcNXgEtmmQ6DlRrC1hrSrBnCZPokRrDHjw=="
    },
    "utf-8-validate@5.0.10": {
      "integrity": "sha512-Z6czzLq4u8fPOyx7TU6X3dvUZVvoJmxSQ+IcrlmagKhilxlhZgxPK6C5Jqbkw1IDUmFTM+cz9QDnnLTwDz/2gQ==",
      "dependencies": [
        "node-gyp-build"
      ]
    },
    "utf8-buffer@1.0.0": {
      "integrity": "sha512-ueuhzvWnp5JU5CiGSY4WdKbiN/PO2AZ/lpeLiz2l38qwdLy/cW40XobgyuIWucNyum0B33bVB0owjFCeGBSLqg=="
    },
    "websocket-polyfill@0.0.3": {
      "integrity": "sha512-pF3kR8Uaoau78MpUmFfzbIRxXj9PeQrCuPepGE6JIsfsJ/o/iXr07Q2iQNzKSSblQJ0FiGWlS64N4pVSm+O3Dg==",
      "dependencies": [
        "tstl",
        "websocket"
      ]
    },
    "websocket@1.0.35": {
      "integrity": "sha512-/REy6amwPZl44DDzvRCkaI1q1bIiQB0mEFQLUrhz3z2EK91cp3n72rAjUlrTP0zV22HJIUOVHQGPxhFRjxjt+Q==",
      "dependencies": [
        "bufferutil",
        "debug@2.6.9",
        "es5-ext",
        "typedarray-to-buffer",
        "utf-8-validate",
        "yaeti"
      ]
    },
    "wordwrap@1.0.0": {
      "integrity": "sha512-gvVzJFlPycKc5dZN4yPkP8w7Dc37BtP1yczEneOb4uq34pXZcvrtRTmWV8W+Ume+XCxKgbjM+nevkyFPMybd4Q=="
    },
    "yaeti@0.0.6": {
      "integrity": "sha512-MvQa//+KcZCUkBTIC9blM+CU9J2GzuTytsOUwf2lidtvkx/6gnEp1QvJv34t9vdjhFmha/mUiNDbN0D0mJWdug=="
    }
  },
  "workspace": {
    "dependencies": [
      "jsr:@inro/slash-command-parser@^0.0.2",
      "npm:@noble/hashes@^1.6.1",
      "npm:@nostr-dev-kit/ndk@^2.10.7",
      "npm:ajv@^8.17.1",
      "npm:bech32@2",
      "npm:bip39@^3.1.0",
      "npm:commander@^12.1.0",
      "npm:dotenv@^16.4.5",
      "npm:handlebars@^4.7.8",
      "npm:libsql@~0.5.0-pre.2",
      "npm:lorem-ipsum@^2.0.8",
      "npm:nostr-tools@^2.10.4",
      "npm:postgres@^3.4.5"
    ]
  }
}
